// !$*UTF8*$!
{
	archiveVersion = 1;
	classes = {
	};
	objectVersion = 77;
	objects = {

/* Begin PBXBuildFile section */
		05E2A6AF2CB2832500B5D243 /* Assets.xcassets in Resources */ = {isa = PBXBuildFile; fileRef = 05E2A6AB2CB2832500B5D243 /* Assets.xcassets */; };
		05E2A6B02CB2832500B5D243 /* LaunchScreen.storyboard in Resources */ = {isa = PBXBuildFile; fileRef = 05E2A6AD2CB2832500B5D243 /* LaunchScreen.storyboard */; };
		05E2A6B52CB2839000B5D243 /* AppDelegate.swift in Sources */ = {isa = PBXBuildFile; fileRef = 05E2A6B22CB2839000B5D243 /* AppDelegate.swift */; };
		05E2A6B62CB2839000B5D243 /* SceneDelegate.swift in Sources */ = {isa = PBXBuildFile; fileRef = 05E2A6B32CB2839000B5D243 /* SceneDelegate.swift */; };
		05E2A6BA2CB283B100B5D243 /* ViewController.swift in Sources */ = {isa = PBXBuildFile; fileRef = 05E2A6B82CB283B100B5D243 /* ViewController.swift */; };
		05E2A6BD2CB2859100B5D243 /* SnapKit in Frameworks */ = {isa = PBXBuildFile; productRef = 05E2A6BC2CB2859100B5D243 /* SnapKit */; };
		05E2A6C22CB285A200B5D243 /* Then in Frameworks */ = {isa = PBXBuildFile; productRef = 05E2A6C12CB285A200B5D243 /* Then */; };
		05E2A6C72CB2918A00B5D243 /* BaseViewController.swift in Sources */ = {isa = PBXBuildFile; fileRef = 05E2A6C62CB2918A00B5D243 /* BaseViewController.swift */; };
		05E2A6C92CB298CC00B5D243 /* UIView+.swift in Sources */ = {isa = PBXBuildFile; fileRef = 05E2A6C82CB298CC00B5D243 /* UIView+.swift */; };
/* End PBXBuildFile section */

/* Begin PBXFileReference section */
		05E2A6792CB2826F00B5D243 /* FirstSeminar.app */ = {isa = PBXFileReference; explicitFileType = wrapper.application; includeInIndex = 0; path = FirstSeminar.app; sourceTree = BUILT_PRODUCTS_DIR; };
		05E2A6932CB2828500B5D243 /* Info.plist */ = {isa = PBXFileReference; lastKnownFileType = text.plist.xml; path = Info.plist; sourceTree = "<group>"; };
		05E2A6AB2CB2832500B5D243 /* Assets.xcassets */ = {isa = PBXFileReference; lastKnownFileType = folder.assetcatalog; path = Assets.xcassets; sourceTree = "<group>"; };
		05E2A6AC2CB2832500B5D243 /* Base */ = {isa = PBXFileReference; lastKnownFileType = file.storyboard; name = Base; path = Base.lproj/LaunchScreen.storyboard; sourceTree = "<group>"; };
		05E2A6B22CB2839000B5D243 /* AppDelegate.swift */ = {isa = PBXFileReference; lastKnownFileType = sourcecode.swift; path = AppDelegate.swift; sourceTree = "<group>"; };
		05E2A6B32CB2839000B5D243 /* SceneDelegate.swift */ = {isa = PBXFileReference; lastKnownFileType = sourcecode.swift; path = SceneDelegate.swift; sourceTree = "<group>"; };
		05E2A6B82CB283B100B5D243 /* ViewController.swift */ = {isa = PBXFileReference; lastKnownFileType = sourcecode.swift; path = ViewController.swift; sourceTree = "<group>"; };
		05E2A6C62CB2918A00B5D243 /* BaseViewController.swift */ = {isa = PBXFileReference; lastKnownFileType = sourcecode.swift; path = BaseViewController.swift; sourceTree = "<group>"; };
		05E2A6C82CB298CC00B5D243 /* UIView+.swift */ = {isa = PBXFileReference; lastKnownFileType = sourcecode.swift; path = "UIView+.swift"; sourceTree = "<group>"; };
/* End PBXFileReference section */

/* Begin PBXFrameworksBuildPhase section */
		05E2A6762CB2826F00B5D243 /* Frameworks */ = {
			isa = PBXFrameworksBuildPhase;
			buildActionMask = 2147483647;
			files = (
				05E2A6BD2CB2859100B5D243 /* SnapKit in Frameworks */,
				05E2A6C22CB285A200B5D243 /* Then in Frameworks */,
			);
			runOnlyForDeploymentPostprocessing = 0;
		};
/* End PBXFrameworksBuildPhase section */

/* Begin PBXGroup section */
		05E2A6702CB2826F00B5D243 = {
			isa = PBXGroup;
			children = (
				05E2A69A2CB2828500B5D243 /* FirstSeminar */,
				05E2A67A2CB2826F00B5D243 /* Products */,
			);
			sourceTree = "<group>";
		};
		05E2A67A2CB2826F00B5D243 /* Products */ = {
			isa = PBXGroup;
			children = (
				05E2A6792CB2826F00B5D243 /* FirstSeminar.app */,
			);
			name = Products;
			sourceTree = "<group>";
		};
		05E2A69A2CB2828500B5D243 /* FirstSeminar */ = {
			isa = PBXGroup;
			children = (
				05E2A6932CB2828500B5D243 /* Info.plist */,
				05E2A6AE2CB2832500B5D243 /* Resouces */,
				05E2A6A72CB2832300B5D243 /* Sources */,
				05E2A6C32CB2915700B5D243 /* Common */,
			);
			path = FirstSeminar;
			sourceTree = "<group>";
		};
		05E2A6A72CB2832300B5D243 /* Sources */ = {
			isa = PBXGroup;
			children = (
				05E2A6B42CB2839000B5D243 /* Application */,
				05E2A6B92CB283B100B5D243 /* Presentaion */,
			);
			path = Sources;
			sourceTree = "<group>";
		};
		05E2A6AE2CB2832500B5D243 /* Resouces */ = {
			isa = PBXGroup;
			children = (
				05E2A6AB2CB2832500B5D243 /* Assets.xcassets */,
				05E2A6AD2CB2832500B5D243 /* LaunchScreen.storyboard */,
			);
			path = Resouces;
			sourceTree = "<group>";
		};
		05E2A6B42CB2839000B5D243 /* Application */ = {
			isa = PBXGroup;
			children = (
				05E2A6B22CB2839000B5D243 /* AppDelegate.swift */,
				05E2A6B32CB2839000B5D243 /* SceneDelegate.swift */,
			);
			path = Application;
			sourceTree = "<group>";
		};
		05E2A6B92CB283B100B5D243 /* Presentaion */ = {
			isa = PBXGroup;
			children = (
				05E2A6B82CB283B100B5D243 /* ViewController.swift */,
			);
			path = Presentaion;
			sourceTree = "<group>";
		};
		05E2A6C32CB2915700B5D243 /* Common */ = {
			isa = PBXGroup;
			children = (
				05E2A6C52CB2917A00B5D243 /* Base */,
				05E2A6C42CB2917200B5D243 /* Extension */,
			);
			path = Common;
			sourceTree = "<group>";
		};
		05E2A6C42CB2917200B5D243 /* Extension */ = {
			isa = PBXGroup;
			children = (
				05E2A6C82CB298CC00B5D243 /* UIView+.swift */,
			);
			path = Extension;
			sourceTree = "<group>";
		};
		05E2A6C52CB2917A00B5D243 /* Base */ = {
			isa = PBXGroup;
			children = (
				05E2A6C62CB2918A00B5D243 /* BaseViewController.swift */,
			);
			path = Base;
			sourceTree = "<group>";
		};
/* End PBXGroup section */

/* Begin PBXNativeTarget section */
		05E2A6782CB2826F00B5D243 /* FirstSeminar */ = {
			isa = PBXNativeTarget;
			buildConfigurationList = 05E2A68C2CB2827100B5D243 /* Build configuration list for PBXNativeTarget "FirstSeminar" */;
			buildPhases = (
				05E2A6752CB2826F00B5D243 /* Sources */,
				05E2A6762CB2826F00B5D243 /* Frameworks */,
				05E2A6772CB2826F00B5D243 /* Resources */,
			);
			buildRules = (
			);
			dependencies = (
			);
			name = FirstSeminar;
			packageProductDependencies = (
				05E2A6BC2CB2859100B5D243 /* SnapKit */,
				05E2A6C12CB285A200B5D243 /* Then */,
			);
			productName = FirstSeminar;
			productReference = 05E2A6792CB2826F00B5D243 /* FirstSeminar.app */;
			productType = "com.apple.product-type.application";
		};
/* End PBXNativeTarget section */

/* Begin PBXProject section */
		05E2A6712CB2826F00B5D243 /* Project object */ = {
			isa = PBXProject;
			attributes = {
				BuildIndependentTargetsInParallel = 1;
				LastSwiftUpdateCheck = 1600;
				LastUpgradeCheck = 1600;
				TargetAttributes = {
					05E2A6782CB2826F00B5D243 = {
						CreatedOnToolsVersion = 16.0;
					};
				};
			};
			buildConfigurationList = 05E2A6742CB2826F00B5D243 /* Build configuration list for PBXProject "FirstSeminar" */;
			developmentRegion = en;
			hasScannedForEncodings = 0;
			knownRegions = (
				en,
				Base,
			);
			mainGroup = 05E2A6702CB2826F00B5D243;
			minimizedProjectReferenceProxies = 1;
			packageReferences = (
				05E2A6BB2CB2859100B5D243 /* XCRemoteSwiftPackageReference "SnapKit" */,
				05E2A6C02CB285A200B5D243 /* XCRemoteSwiftPackageReference "Then" */,
			);
			preferredProjectObjectVersion = 77;
			productRefGroup = 05E2A67A2CB2826F00B5D243 /* Products */;
			projectDirPath = "";
			projectRoot = "";
			targets = (
				05E2A6782CB2826F00B5D243 /* FirstSeminar */,
			);
		};
/* End PBXProject section */

/* Begin PBXResourcesBuildPhase section */
		05E2A6772CB2826F00B5D243 /* Resources */ = {
			isa = PBXResourcesBuildPhase;
			buildActionMask = 2147483647;
			files = (
				05E2A6AF2CB2832500B5D243 /* Assets.xcassets in Resources */,
				05E2A6B02CB2832500B5D243 /* LaunchScreen.storyboard in Resources */,
			);
			runOnlyForDeploymentPostprocessing = 0;
		};
/* End PBXResourcesBuildPhase section */

/* Begin PBXSourcesBuildPhase section */
		05E2A6752CB2826F00B5D243 /* Sources */ = {
			isa = PBXSourcesBuildPhase;
			buildActionMask = 2147483647;
			files = (
				05E2A6BA2CB283B100B5D243 /* ViewController.swift in Sources */,
				05E2A6C72CB2918A00B5D243 /* BaseViewController.swift in Sources */,
				05E2A6B52CB2839000B5D243 /* AppDelegate.swift in Sources */,
				05E2A6B62CB2839000B5D243 /* SceneDelegate.swift in Sources */,
				05E2A6C92CB298CC00B5D243 /* UIView+.swift in Sources */,
			);
			runOnlyForDeploymentPostprocessing = 0;
		};
/* End PBXSourcesBuildPhase section */

/* Begin PBXVariantGroup section */
		05E2A6AD2CB2832500B5D243 /* LaunchScreen.storyboard */ = {
			isa = PBXVariantGroup;
			children = (
				05E2A6AC2CB2832500B5D243 /* Base */,
			);
			name = LaunchScreen.storyboard;
			sourceTree = "<group>";
		};
/* End PBXVariantGroup section */

/* Begin XCBuildConfiguration section */
		05E2A68D2CB2827100B5D243 /* Debug */ = {
			isa = XCBuildConfiguration;
			buildSettings = {
				ASSETCATALOG_COMPILER_APPICON_NAME = AppIcon;
				ASSETCATALOG_COMPILER_GLOBAL_ACCENT_COLOR_NAME = AccentColor;
				CODE_SIGN_STYLE = Automatic;
				CURRENT_PROJECT_VERSION = 1;
				DEVELOPMENT_TEAM = 7WULLR98GP;
				GENERATE_INFOPLIST_FILE = YES;
				INFOPLIST_FILE = FirstSeminar/Info.plist;
				INFOPLIST_KEY_UIApplicationSupportsIndirectInputEvents = YES;
				INFOPLIST_KEY_UILaunchStoryboardName = LaunchScreen;
				INFOPLIST_KEY_UIMainStoryboardFile = "";
				INFOPLIST_KEY_UISupportedInterfaceOrientations = UIInterfaceOrientationPortrait;
				INFOPLIST_KEY_UISupportedInterfaceOrientations_iPad = "UIInterfaceOrientationLandscapeLeft UIInterfaceOrientationLandscapeRight UIInterfaceOrientationPortrait UIInterfaceOrientationPortraitUpsideDown";
				IPHONEOS_DEPLOYMENT_TARGET = 15.0;
				LD_RUNPATH_SEARCH_PATHS = (
					"$(inherited)",
					"@executable_path/Frameworks",
				);
				MARKETING_VERSION = 1.0;
				PRODUCT_BUNDLE_IDENTIFIER = com.rafa.FirstSeminar;
				PRODUCT_NAME = "$(TARGET_NAME)";
				SUPPORTED_PLATFORMS = "iphoneos iphonesimulator";
				SUPPORTS_MACCATALYST = NO;
				SUPPORTS_MAC_DESIGNED_FOR_IPHONE_IPAD = NO;
				SUPPORTS_XR_DESIGNED_FOR_IPHONE_IPAD = NO;
				SWIFT_EMIT_LOC_STRINGS = YES;
				SWIFT_VERSION = 5.0;
				TARGETED_DEVICE_FAMILY = 1;
			};
			name = Debug;
		};
		05E2A68E2CB2827100B5D243 /* Release */ = {
			isa = XCBuildConfiguration;
			buildSettings = {
				ASSETCATALOG_COMPILER_APPICON_NAME = AppIcon;
				ASSETCATALOG_COMPILER_GLOBAL_ACCENT_COLOR_NAME = AccentColor;
				CODE_SIGN_STYLE = Automatic;
				CURRENT_PROJECT_VERSION = 1;
				DEVELOPMENT_TEAM = 7WULLR98GP;
				GENERATE_INFOPLIST_FILE = YES;
				INFOPLIST_FILE = FirstSeminar/Info.plist;
				INFOPLIST_KEY_UIApplicationSupportsIndirectInputEvents = YES;
				INFOPLIST_KEY_UILaunchStoryboardName = LaunchScreen;
				INFOPLIST_KEY_UIMainStoryboardFile = "";
				INFOPLIST_KEY_UISupportedInterfaceOrientations = UIInterfaceOrientationPortrait;
				INFOPLIST_KEY_UISupportedInterfaceOrientations_iPad = "UIInterfaceOrientationLandscapeLeft UIInterfaceOrientationLandscapeRight UIInterfaceOrientationPortrait UIInterfaceOrientationPortraitUpsideDown";
				IPHONEOS_DEPLOYMENT_TARGET = 15.0;
				LD_RUNPATH_SEARCH_PATHS = (
					"$(inherited)",
					"@executable_path/Frameworks",
				);
				MARKETING_VERSION = 1.0;
				PRODUCT_BUNDLE_IDENTIFIER = com.rafa.FirstSeminar;
				PRODUCT_NAME = "$(TARGET_NAME)";
				SUPPORTED_PLATFORMS = "iphoneos iphonesimulator";
				SUPPORTS_MACCATALYST = NO;
				SUPPORTS_MAC_DESIGNED_FOR_IPHONE_IPAD = NO;
				SUPPORTS_XR_DESIGNED_FOR_IPHONE_IPAD = NO;
				SWIFT_EMIT_LOC_STRINGS = YES;
				SWIFT_VERSION = 5.0;
				TARGETED_DEVICE_FAMILY = 1;
			};
			name = Release;
		};
		05E2A68F2CB2827100B5D243 /* Debug */ = {
			isa = XCBuildConfiguration;
			buildSettings = {
				ALWAYS_SEARCH_USER_PATHS = NO;
				ASSETCATALOG_COMPILER_GENERATE_SWIFT_ASSET_SYMBOL_EXTENSIONS = YES;
				CLANG_ANALYZER_NONNULL = YES;
				CLANG_ANALYZER_NUMBER_OBJECT_CONVERSION = YES_AGGRESSIVE;
				CLANG_CXX_LANGUAGE_STANDARD = "gnu++20";
				CLANG_ENABLE_MODULES = YES;
				CLANG_ENABLE_OBJC_ARC = YES;
				CLANG_ENABLE_OBJC_WEAK = YES;
				CLANG_WARN_BLOCK_CAPTURE_AUTORELEASING = YES;
				CLANG_WARN_BOOL_CONVERSION = YES;
				CLANG_WARN_COMMA = YES;
				CLANG_WARN_CONSTANT_CONVERSION = YES;
				CLANG_WARN_DEPRECATED_OBJC_IMPLEMENTATIONS = YES;
				CLANG_WARN_DIRECT_OBJC_ISA_USAGE = YES_ERROR;
				CLANG_WARN_DOCUMENTATION_COMMENTS = YES;
				CLANG_WARN_EMPTY_BODY = YES;
				CLANG_WARN_ENUM_CONVERSION = YES;
				CLANG_WARN_INFINITE_RECURSION = YES;
				CLANG_WARN_INT_CONVERSION = YES;
				CLANG_WARN_NON_LITERAL_NULL_CONVERSION = YES;
				CLANG_WARN_OBJC_IMPLICIT_RETAIN_SELF = YES;
				CLANG_WARN_OBJC_LITERAL_CONVERSION = YES;
				CLANG_WARN_OBJC_ROOT_CLASS = YES_ERROR;
				CLANG_WARN_QUOTED_INCLUDE_IN_FRAMEWORK_HEADER = YES;
				CLANG_WARN_RANGE_LOOP_ANALYSIS = YES;
				CLANG_WARN_STRICT_PROTOTYPES = YES;
				CLANG_WARN_SUSPICIOUS_MOVE = YES;
				CLANG_WARN_UNGUARDED_AVAILABILITY = YES_AGGRESSIVE;
				CLANG_WARN_UNREACHABLE_CODE = YES;
				CLANG_WARN__DUPLICATE_METHOD_MATCH = YES;
				COPY_PHASE_STRIP = NO;
				DEBUG_INFORMATION_FORMAT = dwarf;
				ENABLE_STRICT_OBJC_MSGSEND = YES;
				ENABLE_TESTABILITY = YES;
				ENABLE_USER_SCRIPT_SANDBOXING = YES;
				GCC_C_LANGUAGE_STANDARD = gnu17;
				GCC_DYNAMIC_NO_PIC = NO;
				GCC_NO_COMMON_BLOCKS = YES;
				GCC_OPTIMIZATION_LEVEL = 0;
				GCC_PREPROCESSOR_DEFINITIONS = (
					"DEBUG=1",
					"$(inherited)",
				);
				GCC_WARN_64_TO_32_BIT_CONVERSION = YES;
				GCC_WARN_ABOUT_RETURN_TYPE = YES_ERROR;
				GCC_WARN_UNDECLARED_SELECTOR = YES;
				GCC_WARN_UNINITIALIZED_AUTOS = YES_AGGRESSIVE;
				GCC_WARN_UNUSED_FUNCTION = YES;
				GCC_WARN_UNUSED_VARIABLE = YES;
				IPHONEOS_DEPLOYMENT_TARGET = 18.0;
				LOCALIZATION_PREFERS_STRING_CATALOGS = YES;
				MTL_ENABLE_DEBUG_INFO = INCLUDE_SOURCE;
				MTL_FAST_MATH = YES;
				ONLY_ACTIVE_ARCH = YES;
				SDKROOT = iphoneos;
				SWIFT_ACTIVE_COMPILATION_CONDITIONS = "DEBUG $(inherited)";
				SWIFT_OPTIMIZATION_LEVEL = "-Onone";
			};
			name = Debug;
		};
		05E2A6902CB2827100B5D243 /* Release */ = {
			isa = XCBuildConfiguration;
			buildSettings = {
				ALWAYS_SEARCH_USER_PATHS = NO;
				ASSETCATALOG_COMPILER_GENERATE_SWIFT_ASSET_SYMBOL_EXTENSIONS = YES;
				CLANG_ANALYZER_NONNULL = YES;
				CLANG_ANALYZER_NUMBER_OBJECT_CONVERSION = YES_AGGRESSIVE;
				CLANG_CXX_LANGUAGE_STANDARD = "gnu++20";
				CLANG_ENABLE_MODULES = YES;
				CLANG_ENABLE_OBJC_ARC = YES;
				CLANG_ENABLE_OBJC_WEAK = YES;
				CLANG_WARN_BLOCK_CAPTURE_AUTORELEASING = YES;
				CLANG_WARN_BOOL_CONVERSION = YES;
				CLANG_WARN_COMMA = YES;
				CLANG_WARN_CONSTANT_CONVERSION = YES;
				CLANG_WARN_DEPRECATED_OBJC_IMPLEMENTATIONS = YES;
				CLANG_WARN_DIRECT_OBJC_ISA_USAGE = YES_ERROR;
				CLANG_WARN_DOCUMENTATION_COMMENTS = YES;
				CLANG_WARN_EMPTY_BODY = YES;
				CLANG_WARN_ENUM_CONVERSION = YES;
				CLANG_WARN_INFINITE_RECURSION = YES;
				CLANG_WARN_INT_CONVERSION = YES;
				CLANG_WARN_NON_LITERAL_NULL_CONVERSION = YES;
				CLANG_WARN_OBJC_IMPLICIT_RETAIN_SELF = YES;
				CLANG_WARN_OBJC_LITERAL_CONVERSION = YES;
				CLANG_WARN_OBJC_ROOT_CLASS = YES_ERROR;
				CLANG_WARN_QUOTED_INCLUDE_IN_FRAMEWORK_HEADER = YES;
				CLANG_WARN_RANGE_LOOP_ANALYSIS = YES;
				CLANG_WARN_STRICT_PROTOTYPES = YES;
				CLANG_WARN_SUSPICIOUS_MOVE = YES;
				CLANG_WARN_UNGUARDED_AVAILABILITY = YES_AGGRESSIVE;
				CLANG_WARN_UNREACHABLE_CODE = YES;
				CLANG_WARN__DUPLICATE_METHOD_MATCH = YES;
				COPY_PHASE_STRIP = NO;
				DEBUG_INFORMATION_FORMAT = "dwarf-with-dsym";
				ENABLE_NS_ASSERTIONS = NO;
				ENABLE_STRICT_OBJC_MSGSEND = YES;
				ENABLE_USER_SCRIPT_SANDBOXING = YES;
				GCC_C_LANGUAGE_STANDARD = gnu17;
				GCC_NO_COMMON_BLOCKS = YES;
				GCC_WARN_64_TO_32_BIT_CONVERSION = YES;
				GCC_WARN_ABOUT_RETURN_TYPE = YES_ERROR;
				GCC_WARN_UNDECLARED_SELECTOR = YES;
				GCC_WARN_UNINITIALIZED_AUTOS = YES_AGGRESSIVE;
				GCC_WARN_UNUSED_FUNCTION = YES;
				GCC_WARN_UNUSED_VARIABLE = YES;
				IPHONEOS_DEPLOYMENT_TARGET = 18.0;
				LOCALIZATION_PREFERS_STRING_CATALOGS = YES;
				MTL_ENABLE_DEBUG_INFO = NO;
				MTL_FAST_MATH = YES;
				SDKROOT = iphoneos;
				SWIFT_COMPILATION_MODE = wholemodule;
				VALIDATE_PRODUCT = YES;
			};
			name = Release;
		};
/* End XCBuildConfiguration section */

/* Begin XCConfigurationList section */
		05E2A6742CB2826F00B5D243 /* Build configuration list for PBXProject "FirstSeminar" */ = {
			isa = XCConfigurationList;
			buildConfigurations = (
				05E2A68F2CB2827100B5D243 /* Debug */,
				05E2A6902CB2827100B5D243 /* Release */,
			);
			defaultConfigurationIsVisible = 0;
			defaultConfigurationName = Release;
		};
		05E2A68C2CB2827100B5D243 /* Build configuration list for PBXNativeTarget "FirstSeminar" */ = {
			isa = XCConfigurationList;
			buildConfigurations = (
				05E2A68D2CB2827100B5D243 /* Debug */,
				05E2A68E2CB2827100B5D243 /* Release */,
			);
			defaultConfigurationIsVisible = 0;
			defaultConfigurationName = Release;
		};
/* End XCConfigurationList section */

/* Begin XCRemoteSwiftPackageReference section */
		05E2A6BB2CB2859100B5D243 /* XCRemoteSwiftPackageReference "SnapKit" */ = {
			isa = XCRemoteSwiftPackageReference;
			repositoryURL = "https://github.com/SnapKit/SnapKit.git";
			requirement = {
				kind = upToNextMajorVersion;
				minimumVersion = 5.7.1;
			};
		};
		05E2A6C02CB285A200B5D243 /* XCRemoteSwiftPackageReference "Then" */ = {
			isa = XCRemoteSwiftPackageReference;
			repositoryURL = "https://github.com/devxoul/Then.git";
			requirement = {
				kind = upToNextMajorVersion;
				minimumVersion = 3.0.0;
			};
		};
/* End XCRemoteSwiftPackageReference section */

/* Begin XCSwiftPackageProductDependency section */
		05E2A6BC2CB2859100B5D243 /* SnapKit */ = {
			isa = XCSwiftPackageProductDependency;
			package = 05E2A6BB2CB2859100B5D243 /* XCRemoteSwiftPackageReference "SnapKit" */;
			productName = SnapKit;
		};
		05E2A6C12CB285A200B5D243 /* Then */ = {
			isa = XCSwiftPackageProductDependency;
			package = 05E2A6C02CB285A200B5D243 /* XCRemoteSwiftPackageReference "Then" */;
			productName = Then;
		};
/* End XCSwiftPackageProductDependency section */
	};
	rootObject = 05E2A6712CB2826F00B5D243 /* Project object */;
}
